
Microsoft Visual Studio Solution File, Format Version 12.00
# Visual Studio Version 17
VisualStudioVersion = 17.9.34616.47
MinimumVisualStudioVersion = 10.0.40219.1
Project("{FAE04EC0-301F-11D3-BF4B-00C04F79EFBC}") = "IotDemo", "IotDemo\IotDemo.csproj", "{5437E134-48A7-4779-AB4B-8D4FFC9912D6}"
EndProject
Global
	GlobalSection(SolutionConfigurationPlatforms) = preSolution
		Debug|Any CPU = Debug|Any CPU
		Release|Any CPU = Release|Any CPU
	EndGlobalSection
	GlobalSection(ProjectConfigurationPlatforms) = postSolution
		{5437E134-48A7-4779-AB4B-8D4FFC9912D6}.Debug|Any CPU.ActiveCfg = Debug|Any CPU
		{5437E134-48A7-4779-AB4B-8D4FFC9912D6}.Debug|Any CPU.Build.0 = Debug|Any CPU
		{5437E134-48A7-4779-AB4B-8D4FFC9912D6}.Release|Any CPU.ActiveCfg = Release|Any CPU
		{5437E134-48A7-4779-AB4B-8D4FFC9912D6}.Release|Any CPU.Build.0 = Release|Any CPU
	EndGlobalSection
	GlobalSection(SolutionProperties) = preSolution
		HideSolutionNode = FALSE
	EndGlobalSection
	GlobalSection(ExtensibilityGlobals) = postSolution
		SolutionGuid = {4F8ECF87-B194-487E-ADE6-ABBEDDBA933C}
	EndGlobalSection
EndGlobal
